
Microsoft Visual Studio Solution File, Format Version 12.00
# Visual Studio 15
Project("{FAE04EC0-301F-11D3-BF4B-00C04F79EFBC}") = "Assembly-CSharp", "Assembly-CSharp.csproj", "{4F730D43-A70F-F6E2-FE1C-06006FC8B90F}"
EndProject
Project("{FAE04EC0-301F-11D3-BF4B-00C04F79EFBC}") = "Assembly-CSharp-Editor", "Assembly-CSharp-Editor.csproj", "{EF1DAD1D-0362-801A-7F2B-06650EC704D1}"
EndProject
Global
	GlobalSection(SolutionConfigurationPlatforms) = preSolution
		Debug|Any CPU = Debug|Any CPU
		Release|Any CPU = Release|Any CPU
	EndGlobalSection
	GlobalSection(ProjectConfigurationPlatforms) = postSolution
		{4F730D43-A70F-F6E2-FE1C-06006FC8B90F}.Debug|Any CPU.ActiveCfg = Debug|Any CPU
		{4F730D43-A70F-F6E2-FE1C-06006FC8B90F}.Debug|Any CPU.Build.0 = Debug|Any CPU
		{4F730D43-A70F-F6E2-FE1C-06006FC8B90F}.Release|Any CPU.ActiveCfg = Release|Any CPU
		{4F730D43-A70F-F6E2-FE1C-06006FC8B90F}.Release|Any CPU.Build.0 = Release|Any CPU
		{EF1DAD1D-0362-801A-7F2B-06650EC704D1}.Debug|Any CPU.ActiveCfg = Debug|Any CPU
		{EF1DAD1D-0362-801A-7F2B-06650EC704D1}.Debug|Any CPU.Build.0 = Debug|Any CPU
		{EF1DAD1D-0362-801A-7F2B-06650EC704D1}.Release|Any CPU.ActiveCfg = Release|Any CPU
		{EF1DAD1D-0362-801A-7F2B-06650EC704D1}.Release|Any CPU.Build.0 = Release|Any CPU
	EndGlobalSection
	GlobalSection(SolutionProperties) = preSolution
		HideSolutionNode = FALSE
	EndGlobalSection
EndGlobal
