
Microsoft Visual Studio Solution File, Format Version 12.00
# Visual Studio 15
Project("{FAE04EC0-301F-11D3-BF4B-00C04F79EFBC}") = "Assembly-CSharp", "Assembly-CSharp.csproj", "{7BEFE592-4171-0B0C-A9D7-19FA8E72E620}"
EndProject
Project("{FAE04EC0-301F-11D3-BF4B-00C04F79EFBC}") = "Assembly-CSharp-Editor", "Assembly-CSharp-Editor.csproj", "{ED9CC786-B104-FA08-10B1-41D81412F620}"
EndProject
Global
	GlobalSection(SolutionConfigurationPlatforms) = preSolution
		Debug|Any CPU = Debug|Any CPU
		Release|Any CPU = Release|Any CPU
	EndGlobalSection
	GlobalSection(ProjectConfigurationPlatforms) = postSolution
		{7BEFE592-4171-0B0C-A9D7-19FA8E72E620}.Debug|Any CPU.ActiveCfg = Debug|Any CPU
		{7BEFE592-4171-0B0C-A9D7-19FA8E72E620}.Debug|Any CPU.Build.0 = Debug|Any CPU
		{7BEFE592-4171-0B0C-A9D7-19FA8E72E620}.Release|Any CPU.ActiveCfg = Release|Any CPU
		{7BEFE592-4171-0B0C-A9D7-19FA8E72E620}.Release|Any CPU.Build.0 = Release|Any CPU
		{ED9CC786-B104-FA08-10B1-41D81412F620}.Debug|Any CPU.ActiveCfg = Debug|Any CPU
		{ED9CC786-B104-FA08-10B1-41D81412F620}.Debug|Any CPU.Build.0 = Debug|Any CPU
		{ED9CC786-B104-FA08-10B1-41D81412F620}.Release|Any CPU.ActiveCfg = Release|Any CPU
		{ED9CC786-B104-FA08-10B1-41D81412F620}.Release|Any CPU.Build.0 = Release|Any CPU
	EndGlobalSection
	GlobalSection(SolutionProperties) = preSolution
		HideSolutionNode = FALSE
	EndGlobalSection
EndGlobal
